dependencies:
- name: postgresql
  repository: https://charts.bitnami.com/bitnami
  version: 16.7.26
- name: redis
  repository: https://charts.bitnami.com/bitnami
  version: 22.0.1
- name: jaeger
  repository: https://charts.bitnami.com/bitnami
  version: 6.0.5
- name: cassandra
  repository: https://charts.bitnami.com/bitnami
  version: 12.3.11
digest: sha256:23d00a19a8b6b75cb81943e15827ee424c385a2405647eced9fa7b1c3717c39d
generated: "2025-08-23T11:02:45.763644564+02:00"
