dependencies:
- name: postgresql
  repository: https://charts.bitnami.com/bitnami
  version: 16.7.26
- name: redis
  repository: https://charts.bitnami.com/bitnami
  version: 22.0.1
digest: sha256:00981a7234fe4b2b66a3b6856736e073fb3fcb91b32a17d89c7386828c0474dd
generated: "2025-08-17T17:30:32.34163491+02:00"
